// !$*UTF8*$!
{
	archiveVersion = 1;
	classes = {
	};
	objectVersion = 46;
	objects = {

/* Begin PBXBuildFile section */
		AFC625A01DE477E700496BCC /* AppDelegate.swift in Sources */ = {isa = PBXBuildFile; fileRef = AFC6259F1DE477E700496BCC /* AppDelegate.swift */; };
		AFC625A21DE477E700496BCC /* ViewController.swift in Sources */ = {isa = PBXBuildFile; fileRef = AFC625A11DE477E700496BCC /* ViewController.swift */; };
		AFC625A51DE477E700496BCC /* Main.storyboard in Resources */ = {isa = PBXBuildFile; fileRef = AFC625A31DE477E700496BCC /* Main.storyboard */; };
		AFC625A71DE477E700496BCC /* Assets.xcassets in Resources */ = {isa = PBXBuildFile; fileRef = AFC625A61DE477E700496BCC /* Assets.xcassets */; };
		AFC625AA1DE477E700496BCC /* LaunchScreen.storyboard in Resources */ = {isa = PBXBuildFile; fileRef = AFC625A81DE477E700496BCC /* LaunchScreen.storyboard */; };
		AFC625B51DE477E700496BCC /* FoodTrackerTests.swift in Sources */ = {isa = PBXBuildFile; fileRef = AFC625B41DE477E700496BCC /* FoodTrackerTests.swift */; };
		AFCA119A1DE86DE200B7AA12 /* RatingControl.swift in Sources */ = {isa = PBXBuildFile; fileRef = AFCA11991DE86DE200B7AA12 /* RatingControl.swift */; };
		AFCA119C1DEAB9F000B7AA12 /* meal.swift in Sources */ = {isa = PBXBuildFile; fileRef = AFCA119B1DEAB9F000B7AA12 /* meal.swift */; };
		AFCA119D1DEAB9F000B7AA12 /* meal.swift in Sources */ = {isa = PBXBuildFile; fileRef = AFCA119B1DEAB9F000B7AA12 /* meal.swift */; };
/* End PBXBuildFile section */

/* Begin PBXContainerItemProxy section */
		AFC625B11DE477E700496BCC /* PBXContainerItemProxy */ = {
			isa = PBXContainerItemProxy;
			containerPortal = AFC625941DE477E700496BCC /* Project object */;
			proxyType = 1;
			remoteGlobalIDString = AFC6259B1DE477E700496BCC;
			remoteInfo = FoodTracker;
		};
/* End PBXContainerItemProxy section */

/* Begin PBXFileReference section */
		AFC6259C1DE477E700496BCC /* FoodTracker.app */ = {isa = PBXFileReference; explicitFileType = wrapper.application; includeInIndex = 0; path = FoodTracker.app; sourceTree = BUILT_PRODUCTS_DIR; };
		AFC6259F1DE477E700496BCC /* AppDelegate.swift */ = {isa = PBXFileReference; lastKnownFileType = sourcecode.swift; path = AppDelegate.swift; sourceTree = "<group>"; };
		AFC625A11DE477E700496BCC /* ViewController.swift */ = {isa = PBXFileReference; lastKnownFileType = sourcecode.swift; path = ViewController.swift; sourceTree = "<group>"; };
		AFC625A41DE477E700496BCC /* Base */ = {isa = PBXFileReference; lastKnownFileType = file.storyboard; name = Base; path = Base.lproj/Main.storyboard; sourceTree = "<group>"; };
		AFC625A61DE477E700496BCC /* Assets.xcassets */ = {isa = PBXFileReference; lastKnownFileType = folder.assetcatalog; path = Assets.xcassets; sourceTree = "<group>"; };
		AFC625A91DE477E700496BCC /* Base */ = {isa = PBXFileReference; lastKnownFileType = file.storyboard; name = Base; path = Base.lproj/LaunchScreen.storyboard; sourceTree = "<group>"; };
		AFC625AB1DE477E700496BCC /* Info.plist */ = {isa = PBXFileReference; lastKnownFileType = text.plist.xml; path = Info.plist; sourceTree = "<group>"; };
		AFC625B01DE477E700496BCC /* FoodTrackerTests.xctest */ = {isa = PBXFileReference; explicitFileType = wrapper.cfbundle; includeInIndex = 0; path = FoodTrackerTests.xctest; sourceTree = BUILT_PRODUCTS_DIR; };
		AFC625B41DE477E700496BCC /* FoodTrackerTests.swift */ = {isa = PBXFileReference; lastKnownFileType = sourcecode.swift; path = FoodTrackerTests.swift; sourceTree = "<group>"; };
		AFC625B61DE477E700496BCC /* Info.plist */ = {isa = PBXFileReference; lastKnownFileType = text.plist.xml; path = Info.plist; sourceTree = "<group>"; };
		AFCA11991DE86DE200B7AA12 /* RatingControl.swift */ = {isa = PBXFileReference; fileEncoding = 4; lastKnownFileType = sourcecode.swift; path = RatingControl.swift; sourceTree = "<group>"; };
		AFCA119B1DEAB9F000B7AA12 /* meal.swift */ = {isa = PBXFileReference; fileEncoding = 4; lastKnownFileType = sourcecode.swift; path = meal.swift; sourceTree = "<group>"; };
/* End PBXFileReference section */

/* Begin PBXFrameworksBuildPhase section */
		AFC625991DE477E700496BCC /* Frameworks */ = {
			isa = PBXFrameworksBuildPhase;
			buildActionMask = 2147483647;
			files = (
			);
			runOnlyForDeploymentPostprocessing = 0;
		};
		AFC625AD1DE477E700496BCC /* Frameworks */ = {
			isa = PBXFrameworksBuildPhase;
			buildActionMask = 2147483647;
			files = (
			);
			runOnlyForDeploymentPostprocessing = 0;
		};
/* End PBXFrameworksBuildPhase section */

/* Begin PBXGroup section */
		AFC625931DE477E700496BCC = {
			isa = PBXGroup;
			children = (
				AFC6259E1DE477E700496BCC /* FoodTracker */,
				AFC625B31DE477E700496BCC /* FoodTrackerTests */,
				AFC6259D1DE477E700496BCC /* Products */,
			);
			sourceTree = "<group>";
		};
		AFC6259D1DE477E700496BCC /* Products */ = {
			isa = PBXGroup;
			children = (
				AFC6259C1DE477E700496BCC /* FoodTracker.app */,
				AFC625B01DE477E700496BCC /* FoodTrackerTests.xctest */,
			);
			name = Products;
			sourceTree = "<group>";
		};
		AFC6259E1DE477E700496BCC /* FoodTracker */ = {
			isa = PBXGroup;
			children = (
				AFC6259F1DE477E700496BCC /* AppDelegate.swift */,
				AFC625A11DE477E700496BCC /* ViewController.swift */,
				AFCA119B1DEAB9F000B7AA12 /* meal.swift */,
				AFC625A31DE477E700496BCC /* Main.storyboard */,
				AFC625A61DE477E700496BCC /* Assets.xcassets */,
				AFC625A81DE477E700496BCC /* LaunchScreen.storyboard */,
				AFC625AB1DE477E700496BCC /* Info.plist */,
				AFCA11991DE86DE200B7AA12 /* RatingControl.swift */,
			);
			path = FoodTracker;
			sourceTree = "<group>";
		};
		AFC625B31DE477E700496BCC /* FoodTrackerTests */ = {
			isa = PBXGroup;
			children = (
				AFC625B41DE477E700496BCC /* FoodTrackerTests.swift */,
				AFC625B61DE477E700496BCC /* Info.plist */,
			);
			path = FoodTrackerTests;
			sourceTree = "<group>";
		};
/* End PBXGroup section */

/* Begin PBXNativeTarget section */
		AFC6259B1DE477E700496BCC /* FoodTracker */ = {
			isa = PBXNativeTarget;
			buildConfigurationList = AFC625B91DE477E700496BCC /* Build configuration list for PBXNativeTarget "FoodTracker" */;
			buildPhases = (
				AFC625981DE477E700496BCC /* Sources */,
				AFC625991DE477E700496BCC /* Frameworks */,
				AFC6259A1DE477E700496BCC /* Resources */,
			);
			buildRules = (
			);
			dependencies = (
			);
			name = FoodTracker;
			productName = FoodTracker;
			productReference = AFC6259C1DE477E700496BCC /* FoodTracker.app */;
			productType = "com.apple.product-type.application";
		};
		AFC625AF1DE477E700496BCC /* FoodTrackerTests */ = {
			isa = PBXNativeTarget;
			buildConfigurationList = AFC625BC1DE477E700496BCC /* Build configuration list for PBXNativeTarget "FoodTrackerTests" */;
			buildPhases = (
				AFC625AC1DE477E700496BCC /* Sources */,
				AFC625AD1DE477E700496BCC /* Frameworks */,
				AFC625AE1DE477E700496BCC /* Resources */,
			);
			buildRules = (
			);
			dependencies = (
				AFC625B21DE477E700496BCC /* PBXTargetDependency */,
			);
			name = FoodTrackerTests;
			productName = FoodTrackerTests;
			productReference = AFC625B01DE477E700496BCC /* FoodTrackerTests.xctest */;
			productType = "com.apple.product-type.bundle.unit-test";
		};
/* End PBXNativeTarget section */

/* Begin PBXProject section */
		AFC625941DE477E700496BCC /* Project object */ = {
			isa = PBXProject;
			attributes = {
				LastSwiftUpdateCheck = 0810;
				LastUpgradeCheck = 0810;
				ORGANIZATIONNAME = mizuno;
				TargetAttributes = {
					AFC6259B1DE477E700496BCC = {
						CreatedOnToolsVersion = 8.1;
						ProvisioningStyle = Automatic;
					};
					AFC625AF1DE477E700496BCC = {
						CreatedOnToolsVersion = 8.1;
						ProvisioningStyle = Automatic;
						TestTargetID = AFC6259B1DE477E700496BCC;
					};
				};
			};
			buildConfigurationList = AFC625971DE477E700496BCC /* Build configuration list for PBXProject "FoodTracker" */;
			compatibilityVersion = "Xcode 3.2";
			developmentRegion = English;
			hasScannedForEncodings = 0;
			knownRegions = (
				en,
				Base,
			);
			mainGroup = AFC625931DE477E700496BCC;
			productRefGroup = AFC6259D1DE477E700496BCC /* Products */;
			projectDirPath = "";
			projectRoot = "";
			targets = (
				AFC6259B1DE477E700496BCC /* FoodTracker */,
				AFC625AF1DE477E700496BCC /* FoodTrackerTests */,
			);
		};
/* End PBXProject section */

/* Begin PBXResourcesBuildPhase section */
		AFC6259A1DE477E700496BCC /* Resources */ = {
			isa = PBXResourcesBuildPhase;
			buildActionMask = 2147483647;
			files = (
				AFC625AA1DE477E700496BCC /* LaunchScreen.storyboard in Resources */,
				AFC625A71DE477E700496BCC /* Assets.xcassets in Resources */,
				AFC625A51DE477E700496BCC /* Main.storyboard in Resources */,
			);
			runOnlyForDeploymentPostprocessing = 0;
		};
		AFC625AE1DE477E700496BCC /* Resources */ = {
			isa = PBXResourcesBuildPhase;
			buildActionMask = 2147483647;
			files = (
			);
			runOnlyForDeploymentPostprocessing = 0;
		};
/* End PBXResourcesBuildPhase section */

/* Begin PBXSourcesBuildPhase section */
		AFC625981DE477E700496BCC /* Sources */ = {
			isa = PBXSourcesBuildPhase;
			buildActionMask = 2147483647;
			files = (
				AFCA119C1DEAB9F000B7AA12 /* meal.swift in Sources */,
				AFC625A21DE477E700496BCC /* ViewController.swift in Sources */,
				AFCA119A1DE86DE200B7AA12 /* RatingControl.swift in Sources */,
				AFC625A01DE477E700496BCC /* AppDelegate.swift in Sources */,
			);
			runOnlyForDeploymentPostprocessing = 0;
		};
		AFC625AC1DE477E700496BCC /* Sources */ = {
			isa = PBXSourcesBuildPhase;
			buildActionMask = 2147483647;
			files = (
				AFCA119D1DEAB9F000B7AA12 /* meal.swift in Sources */,
				AFC625B51DE477E700496BCC /* FoodTrackerTests.swift in Sources */,
			);
			runOnlyForDeploymentPostprocessing = 0;
		};
/* End PBXSourcesBuildPhase section */

/* Begin PBXTargetDependency section */
		AFC625B21DE477E700496BCC /* PBXTargetDependency */ = {
			isa = PBXTargetDependency;
			target = AFC6259B1DE477E700496BCC /* FoodTracker */;
			targetProxy = AFC625B11DE477E700496BCC /* PBXContainerItemProxy */;
		};
/* End PBXTargetDependency section */

/* Begin PBXVariantGroup section */
		AFC625A31DE477E700496BCC /* Main.storyboard */ = {
			isa = PBXVariantGroup;
			children = (
				AFC625A41DE477E700496BCC /* Base */,
			);
			name = Main.storyboard;
			sourceTree = "<group>";
		};
		AFC625A81DE477E700496BCC /* LaunchScreen.storyboard */ = {
			isa = PBXVariantGroup;
			children = (
				AFC625A91DE477E700496BCC /* Base */,
			);
			name = LaunchScreen.storyboard;
			sourceTree = "<group>";
		};
/* End PBXVariantGroup section */

/* Begin XCBuildConfiguration section */
		AFC625B71DE477E700496BCC /* Debug */ = {
			isa = XCBuildConfiguration;
			buildSettings = {
				ALWAYS_SEARCH_USER_PATHS = NO;
				CLANG_ANALYZER_NONNULL = YES;
				CLANG_CXX_LANGUAGE_STANDARD = "gnu++0x";
				CLANG_CXX_LIBRARY = "libc++";
				CLANG_ENABLE_MODULES = YES;
				CLANG_ENABLE_OBJC_ARC = YES;
				CLANG_WARN_BOOL_CONVERSION = YES;
				CLANG_WARN_CONSTANT_CONVERSION = YES;
				CLANG_WARN_DIRECT_OBJC_ISA_USAGE = YES_ERROR;
				CLANG_WARN_DOCUMENTATION_COMMENTS = YES;
				CLANG_WARN_EMPTY_BODY = YES;
				CLANG_WARN_ENUM_CONVERSION = YES;
				CLANG_WARN_INFINITE_RECURSION = YES;
				CLANG_WARN_INT_CONVERSION = YES;
				CLANG_WARN_OBJC_ROOT_CLASS = YES_ERROR;
				CLANG_WARN_SUSPICIOUS_MOVES = YES;
				CLANG_WARN_UNREACHABLE_CODE = YES;
				CLANG_WARN__DUPLICATE_METHOD_MATCH = YES;
				"CODE_SIGN_IDENTITY[sdk=iphoneos*]" = "iPhone Developer";
				COPY_PHASE_STRIP = NO;
				DEBUG_INFORMATION_FORMAT = dwarf;
				ENABLE_STRICT_OBJC_MSGSEND = YES;
				ENABLE_TESTABILITY = YES;
				GCC_C_LANGUAGE_STANDARD = gnu99;
				GCC_DYNAMIC_NO_PIC = NO;
				GCC_NO_COMMON_BLOCKS = YES;
				GCC_OPTIMIZATION_LEVEL = 0;
				GCC_PREPROCESSOR_DEFINITIONS = (
					"DEBUG=1",
					"$(inherited)",
				);
				GCC_WARN_64_TO_32_BIT_CONVERSION = YES;
				GCC_WARN_ABOUT_RETURN_TYPE = YES_ERROR;
				GCC_WARN_UNDECLARED_SELECTOR = YES;
				GCC_WARN_UNINITIALIZED_AUTOS = YES_AGGRESSIVE;
				GCC_WARN_UNUSED_FUNCTION = YES;
				GCC_WARN_UNUSED_VARIABLE = YES;
				IPHONEOS_DEPLOYMENT_TARGET = 10.1;
				MTL_ENABLE_DEBUG_INFO = YES;
				ONLY_ACTIVE_ARCH = YES;
				SDKROOT = iphoneos;
				SWIFT_ACTIVE_COMPILATION_CONDITIONS = DEBUG;
				SWIFT_OPTIMIZATION_LEVEL = "-Onone";
			};
			name = Debug;
		};
		AFC625B81DE477E700496BCC /* Release */ = {
			isa = XCBuildConfiguration;
			buildSettings = {
				ALWAYS_SEARCH_USER_PATHS = NO;
				CLANG_ANALYZER_NONNULL = YES;
				CLANG_CXX_LANGUAGE_STANDARD = "gnu++0x";
				CLANG_CXX_LIBRARY = "libc++";
				CLANG_ENABLE_MODULES = YES;
				CLANG_ENABLE_OBJC_ARC = YES;
				CLANG_WARN_BOOL_CONVERSION = YES;
				CLANG_WARN_CONSTANT_CONVERSION = YES;
				CLANG_WARN_DIRECT_OBJC_ISA_USAGE = YES_ERROR;
				CLANG_WARN_DOCUMENTATION_COMMENTS = YES;
				CLANG_WARN_EMPTY_BODY = YES;
				CLANG_WARN_ENUM_CONVERSION = YES;
				CLANG_WARN_INFINITE_RECURSION = YES;
				CLANG_WARN_INT_CONVERSION = YES;
				CLANG_WARN_OBJC_ROOT_CLASS = YES_ERROR;
				CLANG_WARN_SUSPICIOUS_MOVES = YES;
				CLANG_WARN_UNREACHABLE_CODE = YES;
				CLANG_WARN__DUPLICATE_METHOD_MATCH = YES;
				"CODE_SIGN_IDENTITY[sdk=iphoneos*]" = "iPhone Developer";
				COPY_PHASE_STRIP = NO;
				DEBUG_INFORMATION_FORMAT = "dwarf-with-dsym";
				ENABLE_NS_ASSERTIONS = NO;
				ENABLE_STRICT_OBJC_MSGSEND = YES;
				GCC_C_LANGUAGE_STANDARD = gnu99;
				GCC_NO_COMMON_BLOCKS = YES;
				GCC_WARN_64_TO_32_BIT_CONVERSION = YES;
				GCC_WARN_ABOUT_RETURN_TYPE = YES_ERROR;
				GCC_WARN_UNDECLARED_SELECTOR = YES;
				GCC_WARN_UNINITIALIZED_AUTOS = YES_AGGRESSIVE;
				GCC_WARN_UNUSED_FUNCTION = YES;
				GCC_WARN_UNUSED_VARIABLE = YES;
				IPHONEOS_DEPLOYMENT_TARGET = 10.1;
				MTL_ENABLE_DEBUG_INFO = NO;
				SDKROOT = iphoneos;
				SWIFT_OPTIMIZATION_LEVEL = "-Owholemodule";
				VALIDATE_PRODUCT = YES;
			};
			name = Release;
		};
		AFC625BA1DE477E700496BCC /* Debug */ = {
			isa = XCBuildConfiguration;
			buildSettings = {
				ASSETCATALOG_COMPILER_APPICON_NAME = AppIcon;
				INFOPLIST_FILE = FoodTracker/Info.plist;
				LD_RUNPATH_SEARCH_PATHS = "$(inherited) @executable_path/Frameworks";
				PRODUCT_BUNDLE_IDENTIFIER = com.test.FoodTracker;
				PRODUCT_NAME = "$(TARGET_NAME)";
				SWIFT_VERSION = 3.0;
			};
			name = Debug;
		};
		AFC625BB1DE477E700496BCC /* Release */ = {
			isa = XCBuildConfiguration;
			buildSettings = {
				ASSETCATALOG_COMPILER_APPICON_NAME = AppIcon;
				INFOPLIST_FILE = FoodTracker/Info.plist;
				LD_RUNPATH_SEARCH_PATHS = "$(inherited) @executable_path/Frameworks";
				PRODUCT_BUNDLE_IDENTIFIER = com.test.FoodTracker;
				PRODUCT_NAME = "$(TARGET_NAME)";
				SWIFT_VERSION = 3.0;
			};
			name = Release;
		};
		AFC625BD1DE477E700496BCC /* Debug */ = {
			isa = XCBuildConfiguration;
			buildSettings = {
				ALWAYS_EMBED_SWIFT_STANDARD_LIBRARIES = YES;
				BUNDLE_LOADER = "$(TEST_HOST)";
				INFOPLIST_FILE = FoodTrackerTests/Info.plist;
				LD_RUNPATH_SEARCH_PATHS = "$(inherited) @executable_path/Frameworks @loader_path/Frameworks";
				PRODUCT_BUNDLE_IDENTIFIER = com.test.FoodTrackerTests;
				PRODUCT_NAME = "$(TARGET_NAME)";
				SWIFT_VERSION = 3.0;
				TEST_HOST = "$(BUILT_PRODUCTS_DIR)/FoodTracker.app/FoodTracker";
			};
			name = Debug;
		};
		AFC625BE1DE477E700496BCC /* Release */ = {
			isa = XCBuildConfiguration;
			buildSettings = {
				ALWAYS_EMBED_SWIFT_STANDARD_LIBRARIES = YES;
				BUNDLE_LOADER = "$(TEST_HOST)";
				INFOPLIST_FILE = FoodTrackerTests/Info.plist;
				LD_RUNPATH_SEARCH_PATHS = "$(inherited) @executable_path/Frameworks @loader_path/Frameworks";
				PRODUCT_BUNDLE_IDENTIFIER = com.test.FoodTrackerTests;
				PRODUCT_NAME = "$(TARGET_NAME)";
				SWIFT_VERSION = 3.0;
				TEST_HOST = "$(BUILT_PRODUCTS_DIR)/FoodTracker.app/FoodTracker";
			};
			name = Release;
		};
/* End XCBuildConfiguration section */

/* Begin XCConfigurationList section */
		AFC625971DE477E700496BCC /* Build configuration list for PBXProject "FoodTracker" */ = {
			isa = XCConfigurationList;
			buildConfigurations = (
				AFC625B71DE477E700496BCC /* Debug */,
				AFC625B81DE477E700496BCC /* Release */,
			);
			defaultConfigurationIsVisible = 0;
			defaultConfigurationName = Release;
		};
		AFC625B91DE477E700496BCC /* Build configuration list for PBXNativeTarget "FoodTracker" */ = {
			isa = XCConfigurationList;
			buildConfigurations = (
				AFC625BA1DE477E700496BCC /* Debug */,
				AFC625BB1DE477E700496BCC /* Release */,
			);
			defaultConfigurationIsVisible = 0;
			defaultConfigurationName = Release;
		};
		AFC625BC1DE477E700496BCC /* Build configuration list for PBXNativeTarget "FoodTrackerTests" */ = {
			isa = XCConfigurationList;
			buildConfigurations = (
				AFC625BD1DE477E700496BCC /* Debug */,
				AFC625BE1DE477E700496BCC /* Release */,
			);
			defaultConfigurationIsVisible = 0;
			defaultConfigurationName = Release;
		};
/* End XCConfigurationList section */
	};
	rootObject = AFC625941DE477E700496BCC /* Project object */;
}
